
Microsoft Visual Studio Solution File, Format Version 12.00
# Visual Studio Version 17
VisualStudioVersion = 17.9.34728.123
MinimumVisualStudioVersion = 10.0.40219.1
Project("{FAE04EC0-301F-11D3-BF4B-00C04F79EFBC}") = "ASPWEBAPI", "ASPWEBAPI.csproj", "{E570BAA0-0854-42BF-8BA8-838F669116F6}"
EndProject
Global
	GlobalSection(SolutionConfigurationPlatforms) = preSolution
		Debug|Any CPU = Debug|Any CPU
		Release|Any CPU = Release|Any CPU
	EndGlobalSection
	GlobalSection(ProjectConfigurationPlatforms) = postSolution
		{E570BAA0-0854-42BF-8BA8-838F669116F6}.Debug|Any CPU.ActiveCfg = Debug|Any CPU
		{E570BAA0-0854-42BF-8BA8-838F669116F6}.Debug|Any CPU.Build.0 = Debug|Any CPU
		{E570BAA0-0854-42BF-8BA8-838F669116F6}.Release|Any CPU.ActiveCfg = Release|Any CPU
		{E570BAA0-0854-42BF-8BA8-838F669116F6}.Release|Any CPU.Build.0 = Release|Any CPU
	EndGlobalSection
	GlobalSection(SolutionProperties) = preSolution
		HideSolutionNode = FALSE
	EndGlobalSection
	GlobalSection(ExtensibilityGlobals) = postSolution
		SolutionGuid = {2B998781-843C-48D6-A5D1-1D7DD01C9A14}
	EndGlobalSection
EndGlobal
